
Microsoft Visual Studio Solution File, Format Version 12.00
# Visual Studio Version 16
VisualStudioVersion = 16.0.31025.194
MinimumVisualStudioVersion = 10.0.40219.1
Project("{9A19103F-16F7-4668-BE54-9A1E7A4F7556}") = "Tools", "Taxonomy\Tools.csproj", "{8D4D3B14-FFF9-4220-8822-F7DE362F4123}"
EndProject
Project("{2150E333-8FDC-42A3-9474-1A3956D46DE8}") = "Solution Items", "Solution Items", "{BEDF7A0B-A036-4D12-A485-170734FE0AF0}"
	ProjectSection(SolutionItems) = preProject
		.editorconfig = .editorconfig
	EndProjectSection
EndProject
Global
	GlobalSection(SolutionConfigurationPlatforms) = preSolution
		Debug|Any CPU = Debug|Any CPU
		Release|Any CPU = Release|Any CPU
	EndGlobalSection
	GlobalSection(ProjectConfigurationPlatforms) = postSolution
		{8D4D3B14-FFF9-4220-8822-F7DE362F4123}.Debug|Any CPU.ActiveCfg = Debug|Any CPU
		{8D4D3B14-FFF9-4220-8822-F7DE362F4123}.Debug|Any CPU.Build.0 = Debug|Any CPU
		{8D4D3B14-FFF9-4220-8822-F7DE362F4123}.Release|Any CPU.ActiveCfg = Release|Any CPU
		{8D4D3B14-FFF9-4220-8822-F7DE362F4123}.Release|Any CPU.Build.0 = Release|Any CPU
	EndGlobalSection
	GlobalSection(SolutionProperties) = preSolution
		HideSolutionNode = FALSE
	EndGlobalSection
	GlobalSection(ExtensibilityGlobals) = postSolution
		SolutionGuid = {3A9B3C38-6273-4808-81D1-DD2BA4DD191C}
	EndGlobalSection
EndGlobal
